// !$*UTF8*$!
{
	archiveVersion = 1;
	classes = {
	};
	objectVersion = 56;
	objects = {

/* Begin PBXBuildFile section */
		F4937E21290977C700E97AB9 /* MoviesCollectionDataSource.swift in Sources */ = {isa = PBXBuildFile; fileRef = F4937E20290977C700E97AB9 /* MoviesCollectionDataSource.swift */; };
		F4937E23290977FA00E97AB9 /* MoviesCollectionDelegate.swift in Sources */ = {isa = PBXBuildFile; fileRef = F4937E22290977FA00E97AB9 /* MoviesCollectionDelegate.swift */; };
		F4937E272909813C00E97AB9 /* MoviesTableDelegate.swift in Sources */ = {isa = PBXBuildFile; fileRef = F4937E262909813C00E97AB9 /* MoviesTableDelegate.swift */; };
		F4937E29290981AF00E97AB9 /* MoviesTableDataSource.swift in Sources */ = {isa = PBXBuildFile; fileRef = F4937E28290981AF00E97AB9 /* MoviesTableDataSource.swift */; };
		F4937E2B290988B900E97AB9 /* MoviesTableCell.swift in Sources */ = {isa = PBXBuildFile; fileRef = F4937E2A290988B900E97AB9 /* MoviesTableCell.swift */; };
		F4937E2D290988E400E97AB9 /* MoviesCollectionCell.swift in Sources */ = {isa = PBXBuildFile; fileRef = F4937E2C290988E400E97AB9 /* MoviesCollectionCell.swift */; };
		F4937E2F2909DC5E00E97AB9 /* ImageDownloader.swift in Sources */ = {isa = PBXBuildFile; fileRef = F4937E2E2909DC5E00E97AB9 /* ImageDownloader.swift */; };
		F4937E332909EA1000E97AB9 /* UIImageView+Downloader.swift in Sources */ = {isa = PBXBuildFile; fileRef = F4937E322909EA1000E97AB9 /* UIImageView+Downloader.swift */; };
		F4937E38290A12CE00E97AB9 /* DetailView.swift in Sources */ = {isa = PBXBuildFile; fileRef = F4937E37290A12CE00E97AB9 /* DetailView.swift */; };
		F4937E3A290A12D800E97AB9 /* DetailController.swift in Sources */ = {isa = PBXBuildFile; fileRef = F4937E39290A12D800E97AB9 /* DetailController.swift */; };
		F4937E3D290A267D00E97AB9 /* HomeCoordinator.swift in Sources */ = {isa = PBXBuildFile; fileRef = F4937E3C290A267D00E97AB9 /* HomeCoordinator.swift */; };
		F4937E3F290A37AF00E97AB9 /* Localizable.strings in Resources */ = {isa = PBXBuildFile; fileRef = F4937E3E290A37AF00E97AB9 /* Localizable.strings */; };
		F4937E41290A397500E97AB9 /* String+Localized.swift in Sources */ = {isa = PBXBuildFile; fileRef = F4937E40290A397500E97AB9 /* String+Localized.swift */; };
		F4937E44290A3F1500E97AB9 /* HomeViewModelTests.swift in Sources */ = {isa = PBXBuildFile; fileRef = F4937E43290A3F1500E97AB9 /* HomeViewModelTests.swift */; };
		F4937E47290A3FDB00E97AB9 /* HomeDisplayLogicSpy.swift in Sources */ = {isa = PBXBuildFile; fileRef = F4937E46290A3FDB00E97AB9 /* HomeDisplayLogicSpy.swift */; };
		F4937E49290A416500E97AB9 /* DiscoverMoviesUseCaseSpy.swift in Sources */ = {isa = PBXBuildFile; fileRef = F4937E48290A416500E97AB9 /* DiscoverMoviesUseCaseSpy.swift */; };
		F4937E4B290A428200E97AB9 /* MovieFactory.swift in Sources */ = {isa = PBXBuildFile; fileRef = F4937E4A290A428200E97AB9 /* MovieFactory.swift */; };
		F4C14F192908765C00DD912E /* AppDelegate.swift in Sources */ = {isa = PBXBuildFile; fileRef = F4C14F182908765C00DD912E /* AppDelegate.swift */; };
		F4C14F1B2908765C00DD912E /* SceneDelegate.swift in Sources */ = {isa = PBXBuildFile; fileRef = F4C14F1A2908765C00DD912E /* SceneDelegate.swift */; };
		F4C14F222908765E00DD912E /* Assets.xcassets in Resources */ = {isa = PBXBuildFile; fileRef = F4C14F212908765E00DD912E /* Assets.xcassets */; };
		F4C14F252908765E00DD912E /* LaunchScreen.storyboard in Resources */ = {isa = PBXBuildFile; fileRef = F4C14F232908765E00DD912E /* LaunchScreen.storyboard */; };
		F4C14F4B29088B0800DD912E /* Endpoint.swift in Sources */ = {isa = PBXBuildFile; fileRef = F4C14F4A29088B0800DD912E /* Endpoint.swift */; };
		F4C14F4D29088B6000DD912E /* NetworkService.swift in Sources */ = {isa = PBXBuildFile; fileRef = F4C14F4C29088B6000DD912E /* NetworkService.swift */; };
		F4C14F5229088D9600DD912E /* HomeEndpoint.swift in Sources */ = {isa = PBXBuildFile; fileRef = F4C14F5129088D9600DD912E /* HomeEndpoint.swift */; };
		F4C14F5529088EFC00DD912E /* ErrorResponse.swift in Sources */ = {isa = PBXBuildFile; fileRef = F4C14F5429088EFC00DD912E /* ErrorResponse.swift */; };
		F4C14F5829088FCB00DD912E /* Movie.swift in Sources */ = {isa = PBXBuildFile; fileRef = F4C14F5729088FCB00DD912E /* Movie.swift */; };
		F4C14F5C2908A1D200DD912E /* HomeController.swift in Sources */ = {isa = PBXBuildFile; fileRef = F4C14F5B2908A1D200DD912E /* HomeController.swift */; };
		F4C14F5E2908A1DE00DD912E /* HomeView.swift in Sources */ = {isa = PBXBuildFile; fileRef = F4C14F5D2908A1DE00DD912E /* HomeView.swift */; };
		F4C14F602908A1EC00DD912E /* HomeViewModel.swift in Sources */ = {isa = PBXBuildFile; fileRef = F4C14F5F2908A1EC00DD912E /* HomeViewModel.swift */; };
		F4C14F622908A89500DD912E /* HomeService.swift in Sources */ = {isa = PBXBuildFile; fileRef = F4C14F612908A89500DD912E /* HomeService.swift */; };
		F4C14F652908B17000DD912E /* DiscoverMoviesUseCase.swift in Sources */ = {isa = PBXBuildFile; fileRef = F4C14F642908B17000DD912E /* DiscoverMoviesUseCase.swift */; };
		F4C14F672908C16600DD912E /* HomeFactory.swift in Sources */ = {isa = PBXBuildFile; fileRef = F4C14F662908C16600DD912E /* HomeFactory.swift */; };
/* End PBXBuildFile section */

/* Begin PBXContainerItemProxy section */
		F4C14F2C2908765E00DD912E /* PBXContainerItemProxy */ = {
			isa = PBXContainerItemProxy;
			containerPortal = F4C14F0D2908765C00DD912E /* Project object */;
			proxyType = 1;
			remoteGlobalIDString = F4C14F142908765C00DD912E;
			remoteInfo = PipocaFlix;
		};
/* End PBXContainerItemProxy section */

/* Begin PBXFileReference section */
		F4937E20290977C700E97AB9 /* MoviesCollectionDataSource.swift */ = {isa = PBXFileReference; lastKnownFileType = sourcecode.swift; path = MoviesCollectionDataSource.swift; sourceTree = "<group>"; };
		F4937E22290977FA00E97AB9 /* MoviesCollectionDelegate.swift */ = {isa = PBXFileReference; lastKnownFileType = sourcecode.swift; path = MoviesCollectionDelegate.swift; sourceTree = "<group>"; };
		F4937E262909813C00E97AB9 /* MoviesTableDelegate.swift */ = {isa = PBXFileReference; lastKnownFileType = sourcecode.swift; path = MoviesTableDelegate.swift; sourceTree = "<group>"; };
		F4937E28290981AF00E97AB9 /* MoviesTableDataSource.swift */ = {isa = PBXFileReference; lastKnownFileType = sourcecode.swift; path = MoviesTableDataSource.swift; sourceTree = "<group>"; };
		F4937E2A290988B900E97AB9 /* MoviesTableCell.swift */ = {isa = PBXFileReference; lastKnownFileType = sourcecode.swift; path = MoviesTableCell.swift; sourceTree = "<group>"; };
		F4937E2C290988E400E97AB9 /* MoviesCollectionCell.swift */ = {isa = PBXFileReference; lastKnownFileType = sourcecode.swift; path = MoviesCollectionCell.swift; sourceTree = "<group>"; };
		F4937E2E2909DC5E00E97AB9 /* ImageDownloader.swift */ = {isa = PBXFileReference; lastKnownFileType = sourcecode.swift; path = ImageDownloader.swift; sourceTree = "<group>"; };
		F4937E322909EA1000E97AB9 /* UIImageView+Downloader.swift */ = {isa = PBXFileReference; lastKnownFileType = sourcecode.swift; path = "UIImageView+Downloader.swift"; sourceTree = "<group>"; };
		F4937E37290A12CE00E97AB9 /* DetailView.swift */ = {isa = PBXFileReference; lastKnownFileType = sourcecode.swift; path = DetailView.swift; sourceTree = "<group>"; };
		F4937E39290A12D800E97AB9 /* DetailController.swift */ = {isa = PBXFileReference; lastKnownFileType = sourcecode.swift; path = DetailController.swift; sourceTree = "<group>"; };
		F4937E3C290A267D00E97AB9 /* HomeCoordinator.swift */ = {isa = PBXFileReference; lastKnownFileType = sourcecode.swift; path = HomeCoordinator.swift; sourceTree = "<group>"; };
		F4937E3E290A37AF00E97AB9 /* Localizable.strings */ = {isa = PBXFileReference; lastKnownFileType = text.plist.strings; path = Localizable.strings; sourceTree = "<group>"; };
		F4937E40290A397500E97AB9 /* String+Localized.swift */ = {isa = PBXFileReference; lastKnownFileType = sourcecode.swift; path = "String+Localized.swift"; sourceTree = "<group>"; };
		F4937E43290A3F1500E97AB9 /* HomeViewModelTests.swift */ = {isa = PBXFileReference; lastKnownFileType = sourcecode.swift; path = HomeViewModelTests.swift; sourceTree = "<group>"; };
		F4937E46290A3FDB00E97AB9 /* HomeDisplayLogicSpy.swift */ = {isa = PBXFileReference; lastKnownFileType = sourcecode.swift; path = HomeDisplayLogicSpy.swift; sourceTree = "<group>"; };
		F4937E48290A416500E97AB9 /* DiscoverMoviesUseCaseSpy.swift */ = {isa = PBXFileReference; lastKnownFileType = sourcecode.swift; path = DiscoverMoviesUseCaseSpy.swift; sourceTree = "<group>"; };
		F4937E4A290A428200E97AB9 /* MovieFactory.swift */ = {isa = PBXFileReference; lastKnownFileType = sourcecode.swift; path = MovieFactory.swift; sourceTree = "<group>"; };
		F4C14F152908765C00DD912E /* PipocaFlix.app */ = {isa = PBXFileReference; explicitFileType = wrapper.application; includeInIndex = 0; path = PipocaFlix.app; sourceTree = BUILT_PRODUCTS_DIR; };
		F4C14F182908765C00DD912E /* AppDelegate.swift */ = {isa = PBXFileReference; lastKnownFileType = sourcecode.swift; path = AppDelegate.swift; sourceTree = "<group>"; };
		F4C14F1A2908765C00DD912E /* SceneDelegate.swift */ = {isa = PBXFileReference; lastKnownFileType = sourcecode.swift; path = SceneDelegate.swift; sourceTree = "<group>"; };
		F4C14F212908765E00DD912E /* Assets.xcassets */ = {isa = PBXFileReference; lastKnownFileType = folder.assetcatalog; path = Assets.xcassets; sourceTree = "<group>"; };
		F4C14F242908765E00DD912E /* Base */ = {isa = PBXFileReference; lastKnownFileType = file.storyboard; name = Base; path = Base.lproj/LaunchScreen.storyboard; sourceTree = "<group>"; };
		F4C14F262908765E00DD912E /* Info.plist */ = {isa = PBXFileReference; lastKnownFileType = text.plist.xml; path = Info.plist; sourceTree = "<group>"; };
		F4C14F2B2908765E00DD912E /* PipocaFlixTests.xctest */ = {isa = PBXFileReference; explicitFileType = wrapper.cfbundle; includeInIndex = 0; path = PipocaFlixTests.xctest; sourceTree = BUILT_PRODUCTS_DIR; };
		F4C14F4A29088B0800DD912E /* Endpoint.swift */ = {isa = PBXFileReference; lastKnownFileType = sourcecode.swift; path = Endpoint.swift; sourceTree = "<group>"; };
		F4C14F4C29088B6000DD912E /* NetworkService.swift */ = {isa = PBXFileReference; lastKnownFileType = sourcecode.swift; path = NetworkService.swift; sourceTree = "<group>"; };
		F4C14F5129088D9600DD912E /* HomeEndpoint.swift */ = {isa = PBXFileReference; lastKnownFileType = sourcecode.swift; path = HomeEndpoint.swift; sourceTree = "<group>"; };
		F4C14F5429088EFC00DD912E /* ErrorResponse.swift */ = {isa = PBXFileReference; lastKnownFileType = sourcecode.swift; path = ErrorResponse.swift; sourceTree = "<group>"; };
		F4C14F5729088FCB00DD912E /* Movie.swift */ = {isa = PBXFileReference; lastKnownFileType = sourcecode.swift; path = Movie.swift; sourceTree = "<group>"; };
		F4C14F5B2908A1D200DD912E /* HomeController.swift */ = {isa = PBXFileReference; lastKnownFileType = sourcecode.swift; path = HomeController.swift; sourceTree = "<group>"; };
		F4C14F5D2908A1DE00DD912E /* HomeView.swift */ = {isa = PBXFileReference; lastKnownFileType = sourcecode.swift; path = HomeView.swift; sourceTree = "<group>"; };
		F4C14F5F2908A1EC00DD912E /* HomeViewModel.swift */ = {isa = PBXFileReference; lastKnownFileType = sourcecode.swift; path = HomeViewModel.swift; sourceTree = "<group>"; };
		F4C14F612908A89500DD912E /* HomeService.swift */ = {isa = PBXFileReference; lastKnownFileType = sourcecode.swift; path = HomeService.swift; sourceTree = "<group>"; };
		F4C14F642908B17000DD912E /* DiscoverMoviesUseCase.swift */ = {isa = PBXFileReference; lastKnownFileType = sourcecode.swift; path = DiscoverMoviesUseCase.swift; sourceTree = "<group>"; };
		F4C14F662908C16600DD912E /* HomeFactory.swift */ = {isa = PBXFileReference; lastKnownFileType = sourcecode.swift; path = HomeFactory.swift; sourceTree = "<group>"; };
/* End PBXFileReference section */

/* Begin PBXFrameworksBuildPhase section */
		F4C14F122908765C00DD912E /* Frameworks */ = {
			isa = PBXFrameworksBuildPhase;
			buildActionMask = 2147483647;
			files = (
			);
			runOnlyForDeploymentPostprocessing = 0;
		};
		F4C14F282908765E00DD912E /* Frameworks */ = {
			isa = PBXFrameworksBuildPhase;
			buildActionMask = 2147483647;
			files = (
			);
			runOnlyForDeploymentPostprocessing = 0;
		};
/* End PBXFrameworksBuildPhase section */

/* Begin PBXGroup section */
		F4937E242909806000E97AB9 /* Utils */ = {
			isa = PBXGroup;
			children = (
				F4937E20290977C700E97AB9 /* MoviesCollectionDataSource.swift */,
				F4937E22290977FA00E97AB9 /* MoviesCollectionDelegate.swift */,
				F4937E262909813C00E97AB9 /* MoviesTableDelegate.swift */,
				F4937E28290981AF00E97AB9 /* MoviesTableDataSource.swift */,
			);
			path = Utils;
			sourceTree = "<group>";
		};
		F4937E252909806A00E97AB9 /* Cells */ = {
			isa = PBXGroup;
			children = (
				F4937E2A290988B900E97AB9 /* MoviesTableCell.swift */,
				F4937E2C290988E400E97AB9 /* MoviesCollectionCell.swift */,
			);
			path = Cells;
			sourceTree = "<group>";
		};
		F4937E302909E96700E97AB9 /* Common */ = {
			isa = PBXGroup;
			children = (
				F4937E312909E9B200E97AB9 /* Extensions */,
			);
			path = Common;
			sourceTree = "<group>";
		};
		F4937E312909E9B200E97AB9 /* Extensions */ = {
			isa = PBXGroup;
			children = (
				F4937E322909EA1000E97AB9 /* UIImageView+Downloader.swift */,
				F4937E40290A397500E97AB9 /* String+Localized.swift */,
			);
			path = Extensions;
			sourceTree = "<group>";
		};
		F4937E36290A12B900E97AB9 /* Detail */ = {
			isa = PBXGroup;
			children = (
				F4937E37290A12CE00E97AB9 /* DetailView.swift */,
				F4937E39290A12D800E97AB9 /* DetailController.swift */,
			);
			path = Detail;
			sourceTree = "<group>";
		};
		F4937E42290A3EFF00E97AB9 /* Home */ = {
			isa = PBXGroup;
			children = (
				F4937E45290A3FD100E97AB9 /* Utils */,
				F4937E43290A3F1500E97AB9 /* HomeViewModelTests.swift */,
			);
			path = Home;
			sourceTree = "<group>";
		};
		F4937E45290A3FD100E97AB9 /* Utils */ = {
			isa = PBXGroup;
			children = (
				F4937E46290A3FDB00E97AB9 /* HomeDisplayLogicSpy.swift */,
				F4937E48290A416500E97AB9 /* DiscoverMoviesUseCaseSpy.swift */,
				F4937E4A290A428200E97AB9 /* MovieFactory.swift */,
			);
			path = Utils;
			sourceTree = "<group>";
		};
		F4C14F0C2908765C00DD912E = {
			isa = PBXGroup;
			children = (
				F4C14F172908765C00DD912E /* PipocaFlix */,
				F4C14F2E2908765E00DD912E /* PipocaFlixTests */,
				F4C14F162908765C00DD912E /* Products */,
			);
			sourceTree = "<group>";
		};
		F4C14F162908765C00DD912E /* Products */ = {
			isa = PBXGroup;
			children = (
				F4C14F152908765C00DD912E /* PipocaFlix.app */,
				F4C14F2B2908765E00DD912E /* PipocaFlixTests.xctest */,
			);
			name = Products;
			sourceTree = "<group>";
		};
		F4C14F172908765C00DD912E /* PipocaFlix */ = {
			isa = PBXGroup;
			children = (
				F4C14F5329088E5200DD912E /* Application */,
				F4C14F4829088A2B00DD912E /* Modules */,
				F4C14F212908765E00DD912E /* Assets.xcassets */,
				F4C14F232908765E00DD912E /* LaunchScreen.storyboard */,
				F4C14F262908765E00DD912E /* Info.plist */,
			);
			path = PipocaFlix;
			sourceTree = "<group>";
		};
		F4C14F2E2908765E00DD912E /* PipocaFlixTests */ = {
			isa = PBXGroup;
			children = (
				F4937E42290A3EFF00E97AB9 /* Home */,
			);
			path = PipocaFlixTests;
			sourceTree = "<group>";
		};
		F4C14F4829088A2B00DD912E /* Modules */ = {
			isa = PBXGroup;
			children = (
				F4937E302909E96700E97AB9 /* Common */,
				F4C14F4E29088BC100DD912E /* Home */,
				F4C14F4929088AA600DD912E /* Networking */,
			);
			path = Modules;
			sourceTree = "<group>";
		};
		F4C14F4929088AA600DD912E /* Networking */ = {
			isa = PBXGroup;
			children = (
				F4C14F4A29088B0800DD912E /* Endpoint.swift */,
				F4C14F4C29088B6000DD912E /* NetworkService.swift */,
				F4C14F5429088EFC00DD912E /* ErrorResponse.swift */,
				F4937E2E2909DC5E00E97AB9 /* ImageDownloader.swift */,
			);
			path = Networking;
			sourceTree = "<group>";
		};
		F4C14F4E29088BC100DD912E /* Home */ = {
			isa = PBXGroup;
			children = (
				F4C14F662908C16600DD912E /* HomeFactory.swift */,
				F4937E3C290A267D00E97AB9 /* HomeCoordinator.swift */,
				F4C14F592908A14700DD912E /* Presentation */,
				F4C14F5629088FBF00DD912E /* Model */,
				F4C14F632908B13F00DD912E /* UseCase */,
				F4C14F5029088D2C00DD912E /* Service */,
				F4937E3E290A37AF00E97AB9 /* Localizable.strings */,
			);
			path = Home;
			sourceTree = "<group>";
		};
		F4C14F5029088D2C00DD912E /* Service */ = {
			isa = PBXGroup;
			children = (
				F4C14F5129088D9600DD912E /* HomeEndpoint.swift */,
				F4C14F612908A89500DD912E /* HomeService.swift */,
			);
			path = Service;
			sourceTree = "<group>";
		};
		F4C14F5329088E5200DD912E /* Application */ = {
			isa = PBXGroup;
			children = (
				F4C14F182908765C00DD912E /* AppDelegate.swift */,
				F4C14F1A2908765C00DD912E /* SceneDelegate.swift */,
			);
			path = Application;
			sourceTree = "<group>";
		};
		F4C14F5629088FBF00DD912E /* Model */ = {
			isa = PBXGroup;
			children = (
				F4C14F5729088FCB00DD912E /* Movie.swift */,
			);
			path = Model;
			sourceTree = "<group>";
		};
		F4C14F592908A14700DD912E /* Presentation */ = {
			isa = PBXGroup;
			children = (
				F4937E36290A12B900E97AB9 /* Detail */,
				F4C14F5A2908A1A700DD912E /* Home */,
			);
			path = Presentation;
			sourceTree = "<group>";
		};
		F4C14F5A2908A1A700DD912E /* Home */ = {
			isa = PBXGroup;
			children = (
				F4937E252909806A00E97AB9 /* Cells */,
				F4937E242909806000E97AB9 /* Utils */,
				F4C14F5B2908A1D200DD912E /* HomeController.swift */,
				F4C14F5D2908A1DE00DD912E /* HomeView.swift */,
				F4C14F5F2908A1EC00DD912E /* HomeViewModel.swift */,
			);
			path = Home;
			sourceTree = "<group>";
		};
		F4C14F632908B13F00DD912E /* UseCase */ = {
			isa = PBXGroup;
			children = (
				F4C14F642908B17000DD912E /* DiscoverMoviesUseCase.swift */,
			);
			path = UseCase;
			sourceTree = "<group>";
		};
/* End PBXGroup section */

/* Begin PBXNativeTarget section */
		F4C14F142908765C00DD912E /* PipocaFlix */ = {
			isa = PBXNativeTarget;
			buildConfigurationList = F4C14F3F2908765E00DD912E /* Build configuration list for PBXNativeTarget "PipocaFlix" */;
			buildPhases = (
				F4C14F112908765C00DD912E /* Sources */,
				F4C14F122908765C00DD912E /* Frameworks */,
				F4C14F132908765C00DD912E /* Resources */,
			);
			buildRules = (
			);
			dependencies = (
			);
			name = PipocaFlix;
			productName = PipocaFlix;
			productReference = F4C14F152908765C00DD912E /* PipocaFlix.app */;
			productType = "com.apple.product-type.application";
		};
		F4C14F2A2908765E00DD912E /* PipocaFlixTests */ = {
			isa = PBXNativeTarget;
			buildConfigurationList = F4C14F422908765E00DD912E /* Build configuration list for PBXNativeTarget "PipocaFlixTests" */;
			buildPhases = (
				F4C14F272908765E00DD912E /* Sources */,
				F4C14F282908765E00DD912E /* Frameworks */,
				F4C14F292908765E00DD912E /* Resources */,
			);
			buildRules = (
			);
			dependencies = (
				F4C14F2D2908765E00DD912E /* PBXTargetDependency */,
			);
			name = PipocaFlixTests;
			productName = PipocaFlixTests;
			productReference = F4C14F2B2908765E00DD912E /* PipocaFlixTests.xctest */;
			productType = "com.apple.product-type.bundle.unit-test";
		};
/* End PBXNativeTarget section */

/* Begin PBXProject section */
		F4C14F0D2908765C00DD912E /* Project object */ = {
			isa = PBXProject;
			attributes = {
				BuildIndependentTargetsInParallel = 1;
				LastSwiftUpdateCheck = 1400;
				LastUpgradeCheck = 1400;
				TargetAttributes = {
					F4C14F142908765C00DD912E = {
						CreatedOnToolsVersion = 14.0;
					};
					F4C14F2A2908765E00DD912E = {
						CreatedOnToolsVersion = 14.0;
						TestTargetID = F4C14F142908765C00DD912E;
					};
				};
			};
			buildConfigurationList = F4C14F102908765C00DD912E /* Build configuration list for PBXProject "PipocaFlix" */;
			compatibilityVersion = "Xcode 14.0";
			developmentRegion = en;
			hasScannedForEncodings = 0;
			knownRegions = (
				en,
				Base,
			);
			mainGroup = F4C14F0C2908765C00DD912E;
			productRefGroup = F4C14F162908765C00DD912E /* Products */;
			projectDirPath = "";
			projectRoot = "";
			targets = (
				F4C14F142908765C00DD912E /* PipocaFlix */,
				F4C14F2A2908765E00DD912E /* PipocaFlixTests */,
			);
		};
/* End PBXProject section */

/* Begin PBXResourcesBuildPhase section */
		F4C14F132908765C00DD912E /* Resources */ = {
			isa = PBXResourcesBuildPhase;
			buildActionMask = 2147483647;
			files = (
				F4C14F252908765E00DD912E /* LaunchScreen.storyboard in Resources */,
				F4937E3F290A37AF00E97AB9 /* Localizable.strings in Resources */,
				F4C14F222908765E00DD912E /* Assets.xcassets in Resources */,
			);
			runOnlyForDeploymentPostprocessing = 0;
		};
		F4C14F292908765E00DD912E /* Resources */ = {
			isa = PBXResourcesBuildPhase;
			buildActionMask = 2147483647;
			files = (
			);
			runOnlyForDeploymentPostprocessing = 0;
		};
/* End PBXResourcesBuildPhase section */

/* Begin PBXSourcesBuildPhase section */
		F4C14F112908765C00DD912E /* Sources */ = {
			isa = PBXSourcesBuildPhase;
			buildActionMask = 2147483647;
			files = (
				F4C14F5E2908A1DE00DD912E /* HomeView.swift in Sources */,
				F4C14F5829088FCB00DD912E /* Movie.swift in Sources */,
				F4C14F4B29088B0800DD912E /* Endpoint.swift in Sources */,
				F4937E21290977C700E97AB9 /* MoviesCollectionDataSource.swift in Sources */,
				F4C14F602908A1EC00DD912E /* HomeViewModel.swift in Sources */,
				F4937E3D290A267D00E97AB9 /* HomeCoordinator.swift in Sources */,
				F4937E38290A12CE00E97AB9 /* DetailView.swift in Sources */,
				F4C14F192908765C00DD912E /* AppDelegate.swift in Sources */,
				F4937E29290981AF00E97AB9 /* MoviesTableDataSource.swift in Sources */,
				F4C14F4D29088B6000DD912E /* NetworkService.swift in Sources */,
				F4C14F672908C16600DD912E /* HomeFactory.swift in Sources */,
				F4937E2B290988B900E97AB9 /* MoviesTableCell.swift in Sources */,
				F4C14F652908B17000DD912E /* DiscoverMoviesUseCase.swift in Sources */,
				F4C14F5C2908A1D200DD912E /* HomeController.swift in Sources */,
				F4937E41290A397500E97AB9 /* String+Localized.swift in Sources */,
				F4937E3A290A12D800E97AB9 /* DetailController.swift in Sources */,
				F4937E272909813C00E97AB9 /* MoviesTableDelegate.swift in Sources */,
				F4937E2F2909DC5E00E97AB9 /* ImageDownloader.swift in Sources */,
				F4C14F5529088EFC00DD912E /* ErrorResponse.swift in Sources */,
				F4937E2D290988E400E97AB9 /* MoviesCollectionCell.swift in Sources */,
				F4C14F622908A89500DD912E /* HomeService.swift in Sources */,
				F4937E332909EA1000E97AB9 /* UIImageView+Downloader.swift in Sources */,
				F4937E23290977FA00E97AB9 /* MoviesCollectionDelegate.swift in Sources */,
				F4C14F5229088D9600DD912E /* HomeEndpoint.swift in Sources */,
				F4C14F1B2908765C00DD912E /* SceneDelegate.swift in Sources */,
			);
			runOnlyForDeploymentPostprocessing = 0;
		};
		F4C14F272908765E00DD912E /* Sources */ = {
			isa = PBXSourcesBuildPhase;
			buildActionMask = 2147483647;
			files = (
				F4937E44290A3F1500E97AB9 /* HomeViewModelTests.swift in Sources */,
				F4937E4B290A428200E97AB9 /* MovieFactory.swift in Sources */,
				F4937E47290A3FDB00E97AB9 /* HomeDisplayLogicSpy.swift in Sources */,
				F4937E49290A416500E97AB9 /* DiscoverMoviesUseCaseSpy.swift in Sources */,
			);
			runOnlyForDeploymentPostprocessing = 0;
		};
/* End PBXSourcesBuildPhase section */

/* Begin PBXTargetDependency section */
		F4C14F2D2908765E00DD912E /* PBXTargetDependency */ = {
			isa = PBXTargetDependency;
			target = F4C14F142908765C00DD912E /* PipocaFlix */;
			targetProxy = F4C14F2C2908765E00DD912E /* PBXContainerItemProxy */;
		};
/* End PBXTargetDependency section */

/* Begin PBXVariantGroup section */
		F4C14F232908765E00DD912E /* LaunchScreen.storyboard */ = {
			isa = PBXVariantGroup;
			children = (
				F4C14F242908765E00DD912E /* Base */,
			);
			name = LaunchScreen.storyboard;
			sourceTree = "<group>";
		};
/* End PBXVariantGroup section */

/* Begin XCBuildConfiguration section */
		F4C14F3D2908765E00DD912E /* Debug */ = {
			isa = XCBuildConfiguration;
			buildSettings = {
				ALWAYS_SEARCH_USER_PATHS = NO;
				CLANG_ANALYZER_NONNULL = YES;
				CLANG_ANALYZER_NUMBER_OBJECT_CONVERSION = YES_AGGRESSIVE;
				CLANG_CXX_LANGUAGE_STANDARD = "gnu++20";
				CLANG_ENABLE_MODULES = YES;
				CLANG_ENABLE_OBJC_ARC = YES;
				CLANG_ENABLE_OBJC_WEAK = YES;
				CLANG_WARN_BLOCK_CAPTURE_AUTORELEASING = YES;
				CLANG_WARN_BOOL_CONVERSION = YES;
				CLANG_WARN_COMMA = YES;
				CLANG_WARN_CONSTANT_CONVERSION = YES;
				CLANG_WARN_DEPRECATED_OBJC_IMPLEMENTATIONS = YES;
				CLANG_WARN_DIRECT_OBJC_ISA_USAGE = YES_ERROR;
				CLANG_WARN_DOCUMENTATION_COMMENTS = YES;
				CLANG_WARN_EMPTY_BODY = YES;
				CLANG_WARN_ENUM_CONVERSION = YES;
				CLANG_WARN_INFINITE_RECURSION = YES;
				CLANG_WARN_INT_CONVERSION = YES;
				CLANG_WARN_NON_LITERAL_NULL_CONVERSION = YES;
				CLANG_WARN_OBJC_IMPLICIT_RETAIN_SELF = YES;
				CLANG_WARN_OBJC_LITERAL_CONVERSION = YES;
				CLANG_WARN_OBJC_ROOT_CLASS = YES_ERROR;
				CLANG_WARN_QUOTED_INCLUDE_IN_FRAMEWORK_HEADER = YES;
				CLANG_WARN_RANGE_LOOP_ANALYSIS = YES;
				CLANG_WARN_STRICT_PROTOTYPES = YES;
				CLANG_WARN_SUSPICIOUS_MOVE = YES;
				CLANG_WARN_UNGUARDED_AVAILABILITY = YES_AGGRESSIVE;
				CLANG_WARN_UNREACHABLE_CODE = YES;
				CLANG_WARN__DUPLICATE_METHOD_MATCH = YES;
				COPY_PHASE_STRIP = NO;
				DEBUG_INFORMATION_FORMAT = dwarf;
				ENABLE_STRICT_OBJC_MSGSEND = YES;
				ENABLE_TESTABILITY = YES;
				GCC_C_LANGUAGE_STANDARD = gnu11;
				GCC_DYNAMIC_NO_PIC = NO;
				GCC_NO_COMMON_BLOCKS = YES;
				GCC_OPTIMIZATION_LEVEL = 0;
				GCC_PREPROCESSOR_DEFINITIONS = (
					"DEBUG=1",
					"$(inherited)",
				);
				GCC_WARN_64_TO_32_BIT_CONVERSION = YES;
				GCC_WARN_ABOUT_RETURN_TYPE = YES_ERROR;
				GCC_WARN_UNDECLARED_SELECTOR = YES;
				GCC_WARN_UNINITIALIZED_AUTOS = YES_AGGRESSIVE;
				GCC_WARN_UNUSED_FUNCTION = YES;
				GCC_WARN_UNUSED_VARIABLE = YES;
				IPHONEOS_DEPLOYMENT_TARGET = 16.0;
				MTL_ENABLE_DEBUG_INFO = INCLUDE_SOURCE;
				MTL_FAST_MATH = YES;
				ONLY_ACTIVE_ARCH = YES;
				SDKROOT = iphoneos;
				SWIFT_ACTIVE_COMPILATION_CONDITIONS = DEBUG;
				SWIFT_OPTIMIZATION_LEVEL = "-Onone";
			};
			name = Debug;
		};
		F4C14F3E2908765E00DD912E /* Release */ = {
			isa = XCBuildConfiguration;
			buildSettings = {
				ALWAYS_SEARCH_USER_PATHS = NO;
				CLANG_ANALYZER_NONNULL = YES;
				CLANG_ANALYZER_NUMBER_OBJECT_CONVERSION = YES_AGGRESSIVE;
				CLANG_CXX_LANGUAGE_STANDARD = "gnu++20";
				CLANG_ENABLE_MODULES = YES;
				CLANG_ENABLE_OBJC_ARC = YES;
				CLANG_ENABLE_OBJC_WEAK = YES;
				CLANG_WARN_BLOCK_CAPTURE_AUTORELEASING = YES;
				CLANG_WARN_BOOL_CONVERSION = YES;
				CLANG_WARN_COMMA = YES;
				CLANG_WARN_CONSTANT_CONVERSION = YES;
				CLANG_WARN_DEPRECATED_OBJC_IMPLEMENTATIONS = YES;
				CLANG_WARN_DIRECT_OBJC_ISA_USAGE = YES_ERROR;
				CLANG_WARN_DOCUMENTATION_COMMENTS = YES;
				CLANG_WARN_EMPTY_BODY = YES;
				CLANG_WARN_ENUM_CONVERSION = YES;
				CLANG_WARN_INFINITE_RECURSION = YES;
				CLANG_WARN_INT_CONVERSION = YES;
				CLANG_WARN_NON_LITERAL_NULL_CONVERSION = YES;
				CLANG_WARN_OBJC_IMPLICIT_RETAIN_SELF = YES;
				CLANG_WARN_OBJC_LITERAL_CONVERSION = YES;
				CLANG_WARN_OBJC_ROOT_CLASS = YES_ERROR;
				CLANG_WARN_QUOTED_INCLUDE_IN_FRAMEWORK_HEADER = YES;
				CLANG_WARN_RANGE_LOOP_ANALYSIS = YES;
				CLANG_WARN_STRICT_PROTOTYPES = YES;
				CLANG_WARN_SUSPICIOUS_MOVE = YES;
				CLANG_WARN_UNGUARDED_AVAILABILITY = YES_AGGRESSIVE;
				CLANG_WARN_UNREACHABLE_CODE = YES;
				CLANG_WARN__DUPLICATE_METHOD_MATCH = YES;
				COPY_PHASE_STRIP = NO;
				DEBUG_INFORMATION_FORMAT = "dwarf-with-dsym";
				ENABLE_NS_ASSERTIONS = NO;
				ENABLE_STRICT_OBJC_MSGSEND = YES;
				GCC_C_LANGUAGE_STANDARD = gnu11;
				GCC_NO_COMMON_BLOCKS = YES;
				GCC_WARN_64_TO_32_BIT_CONVERSION = YES;
				GCC_WARN_ABOUT_RETURN_TYPE = YES_ERROR;
				GCC_WARN_UNDECLARED_SELECTOR = YES;
				GCC_WARN_UNINITIALIZED_AUTOS = YES_AGGRESSIVE;
				GCC_WARN_UNUSED_FUNCTION = YES;
				GCC_WARN_UNUSED_VARIABLE = YES;
				IPHONEOS_DEPLOYMENT_TARGET = 16.0;
				MTL_ENABLE_DEBUG_INFO = NO;
				MTL_FAST_MATH = YES;
				SDKROOT = iphoneos;
				SWIFT_COMPILATION_MODE = wholemodule;
				SWIFT_OPTIMIZATION_LEVEL = "-O";
				VALIDATE_PRODUCT = YES;
			};
			name = Release;
		};
		F4C14F402908765E00DD912E /* Debug */ = {
			isa = XCBuildConfiguration;
			buildSettings = {
				ASSETCATALOG_COMPILER_APPICON_NAME = AppIcon;
				ASSETCATALOG_COMPILER_GLOBAL_ACCENT_COLOR_NAME = AccentColor;
				CODE_SIGN_STYLE = Automatic;
				CURRENT_PROJECT_VERSION = 1;
				DEVELOPMENT_TEAM = 3X7P389A7Y;
				GENERATE_INFOPLIST_FILE = YES;
				INFOPLIST_FILE = PipocaFlix/Info.plist;
				INFOPLIST_KEY_LSApplicationCategoryType = "";
				INFOPLIST_KEY_UIApplicationSupportsIndirectInputEvents = YES;
				INFOPLIST_KEY_UILaunchStoryboardName = LaunchScreen;
				INFOPLIST_KEY_UISupportedInterfaceOrientations_iPad = "UIInterfaceOrientationPortrait UIInterfaceOrientationPortraitUpsideDown UIInterfaceOrientationLandscapeLeft UIInterfaceOrientationLandscapeRight";
				INFOPLIST_KEY_UISupportedInterfaceOrientations_iPhone = "UIInterfaceOrientationPortrait UIInterfaceOrientationLandscapeLeft UIInterfaceOrientationLandscapeRight";
				IPHONEOS_DEPLOYMENT_TARGET = 13.0;
				LD_RUNPATH_SEARCH_PATHS = (
					"$(inherited)",
					"@executable_path/Frameworks",
				);
				MARKETING_VERSION = 1.0;
				PRODUCT_BUNDLE_IDENTIFIER = ranieriaguiar.PipocaFlix;
				PRODUCT_NAME = "$(TARGET_NAME)";
				SWIFT_EMIT_LOC_STRINGS = YES;
				SWIFT_VERSION = 5.0;
				TARGETED_DEVICE_FAMILY = "1,2";
			};
			name = Debug;
		};
		F4C14F412908765E00DD912E /* Release */ = {
			isa = XCBuildConfiguration;
			buildSettings = {
				ASSETCATALOG_COMPILER_APPICON_NAME = AppIcon;
				ASSETCATALOG_COMPILER_GLOBAL_ACCENT_COLOR_NAME = AccentColor;
				CODE_SIGN_STYLE = Automatic;
				CURRENT_PROJECT_VERSION = 1;
				DEVELOPMENT_TEAM = 3X7P389A7Y;
				GENERATE_INFOPLIST_FILE = YES;
				INFOPLIST_FILE = PipocaFlix/Info.plist;
				INFOPLIST_KEY_LSApplicationCategoryType = "";
				INFOPLIST_KEY_UIApplicationSupportsIndirectInputEvents = YES;
				INFOPLIST_KEY_UILaunchStoryboardName = LaunchScreen;
				INFOPLIST_KEY_UISupportedInterfaceOrientations_iPad = "UIInterfaceOrientationPortrait UIInterfaceOrientationPortraitUpsideDown UIInterfaceOrientationLandscapeLeft UIInterfaceOrientationLandscapeRight";
				INFOPLIST_KEY_UISupportedInterfaceOrientations_iPhone = "UIInterfaceOrientationPortrait UIInterfaceOrientationLandscapeLeft UIInterfaceOrientationLandscapeRight";
				IPHONEOS_DEPLOYMENT_TARGET = 13.0;
				LD_RUNPATH_SEARCH_PATHS = (
					"$(inherited)",
					"@executable_path/Frameworks",
				);
				MARKETING_VERSION = 1.0;
				PRODUCT_BUNDLE_IDENTIFIER = ranieriaguiar.PipocaFlix;
				PRODUCT_NAME = "$(TARGET_NAME)";
				SWIFT_EMIT_LOC_STRINGS = YES;
				SWIFT_VERSION = 5.0;
				TARGETED_DEVICE_FAMILY = "1,2";
			};
			name = Release;
		};
		F4C14F432908765E00DD912E /* Debug */ = {
			isa = XCBuildConfiguration;
			buildSettings = {
				ALWAYS_EMBED_SWIFT_STANDARD_LIBRARIES = YES;
				BUNDLE_LOADER = "$(TEST_HOST)";
				CODE_SIGN_STYLE = Automatic;
				CURRENT_PROJECT_VERSION = 1;
				GENERATE_INFOPLIST_FILE = YES;
				IPHONEOS_DEPLOYMENT_TARGET = 16.0;
				MARKETING_VERSION = 1.0;
				PRODUCT_BUNDLE_IDENTIFIER = ranieriaguiar.PipocaFlixTests;
				PRODUCT_NAME = "$(TARGET_NAME)";
				SWIFT_EMIT_LOC_STRINGS = NO;
				SWIFT_VERSION = 5.0;
				TARGETED_DEVICE_FAMILY = "1,2";
				TEST_HOST = "$(BUILT_PRODUCTS_DIR)/PipocaFlix.app/$(BUNDLE_EXECUTABLE_FOLDER_PATH)/PipocaFlix";
			};
			name = Debug;
		};
		F4C14F442908765E00DD912E /* Release */ = {
			isa = XCBuildConfiguration;
			buildSettings = {
				ALWAYS_EMBED_SWIFT_STANDARD_LIBRARIES = YES;
				BUNDLE_LOADER = "$(TEST_HOST)";
				CODE_SIGN_STYLE = Automatic;
				CURRENT_PROJECT_VERSION = 1;
				GENERATE_INFOPLIST_FILE = YES;
				IPHONEOS_DEPLOYMENT_TARGET = 16.0;
				MARKETING_VERSION = 1.0;
				PRODUCT_BUNDLE_IDENTIFIER = ranieriaguiar.PipocaFlixTests;
				PRODUCT_NAME = "$(TARGET_NAME)";
				SWIFT_EMIT_LOC_STRINGS = NO;
				SWIFT_VERSION = 5.0;
				TARGETED_DEVICE_FAMILY = "1,2";
				TEST_HOST = "$(BUILT_PRODUCTS_DIR)/PipocaFlix.app/$(BUNDLE_EXECUTABLE_FOLDER_PATH)/PipocaFlix";
			};
			name = Release;
		};
/* End XCBuildConfiguration section */

/* Begin XCConfigurationList section */
		F4C14F102908765C00DD912E /* Build configuration list for PBXProject "PipocaFlix" */ = {
			isa = XCConfigurationList;
			buildConfigurations = (
				F4C14F3D2908765E00DD912E /* Debug */,
				F4C14F3E2908765E00DD912E /* Release */,
			);
			defaultConfigurationIsVisible = 0;
			defaultConfigurationName = Release;
		};
		F4C14F3F2908765E00DD912E /* Build configuration list for PBXNativeTarget "PipocaFlix" */ = {
			isa = XCConfigurationList;
			buildConfigurations = (
				F4C14F402908765E00DD912E /* Debug */,
				F4C14F412908765E00DD912E /* Release */,
			);
			defaultConfigurationIsVisible = 0;
			defaultConfigurationName = Release;
		};
		F4C14F422908765E00DD912E /* Build configuration list for PBXNativeTarget "PipocaFlixTests" */ = {
			isa = XCConfigurationList;
			buildConfigurations = (
				F4C14F432908765E00DD912E /* Debug */,
				F4C14F442908765E00DD912E /* Release */,
			);
			defaultConfigurationIsVisible = 0;
			defaultConfigurationName = Release;
		};
/* End XCConfigurationList section */
	};
	rootObject = F4C14F0D2908765C00DD912E /* Project object */;
}
